// !$*UTF8*$!
{
	archiveVersion = 1;
	classes = {
	};
	objectVersion = 56;
	objects = {

/* Begin PBXBuildFile section */
		3AD3AEF129931B220095CB14 /* SequisApp.swift in Sources */ = {isa = PBXBuildFile; fileRef = 3AD3AEF029931B220095CB14 /* SequisApp.swift */; };
		3AD3AEF329931B220095CB14 /* ContentView.swift in Sources */ = {isa = PBXBuildFile; fileRef = 3AD3AEF229931B220095CB14 /* ContentView.swift */; };
		3AD3AEF529931B240095CB14 /* Assets.xcassets in Resources */ = {isa = PBXBuildFile; fileRef = 3AD3AEF429931B240095CB14 /* Assets.xcassets */; };
		3AD3AEF829931B240095CB14 /* Preview Assets.xcassets in Resources */ = {isa = PBXBuildFile; fileRef = 3AD3AEF729931B240095CB14 /* Preview Assets.xcassets */; };
		3AD3AF0229931B240095CB14 /* SequisTests.swift in Sources */ = {isa = PBXBuildFile; fileRef = 3AD3AF0129931B240095CB14 /* SequisTests.swift */; };
		3AD3AF0C29931B240095CB14 /* SequisUITests.swift in Sources */ = {isa = PBXBuildFile; fileRef = 3AD3AF0B29931B240095CB14 /* SequisUITests.swift */; };
		3AD3AF0E29931B240095CB14 /* SequisUITestsLaunchTests.swift in Sources */ = {isa = PBXBuildFile; fileRef = 3AD3AF0D29931B240095CB14 /* SequisUITestsLaunchTests.swift */; };
/* End PBXBuildFile section */

/* Begin PBXContainerItemProxy section */
		3AD3AEFE29931B240095CB14 /* PBXContainerItemProxy */ = {
			isa = PBXContainerItemProxy;
			containerPortal = 3AD3AEE529931B220095CB14 /* Project object */;
			proxyType = 1;
			remoteGlobalIDString = 3AD3AEEC29931B220095CB14;
			remoteInfo = Sequis;
		};
		3AD3AF0829931B240095CB14 /* PBXContainerItemProxy */ = {
			isa = PBXContainerItemProxy;
			containerPortal = 3AD3AEE529931B220095CB14 /* Project object */;
			proxyType = 1;
			remoteGlobalIDString = 3AD3AEEC29931B220095CB14;
			remoteInfo = Sequis;
		};
/* End PBXContainerItemProxy section */

/* Begin PBXFileReference section */
		3AD3AEED29931B220095CB14 /* Sequis.app */ = {isa = PBXFileReference; explicitFileType = wrapper.application; includeInIndex = 0; path = Sequis.app; sourceTree = BUILT_PRODUCTS_DIR; };
		3AD3AEF029931B220095CB14 /* SequisApp.swift */ = {isa = PBXFileReference; lastKnownFileType = sourcecode.swift; path = SequisApp.swift; sourceTree = "<group>"; };
		3AD3AEF229931B220095CB14 /* ContentView.swift */ = {isa = PBXFileReference; lastKnownFileType = sourcecode.swift; path = ContentView.swift; sourceTree = "<group>"; };
		3AD3AEF429931B240095CB14 /* Assets.xcassets */ = {isa = PBXFileReference; lastKnownFileType = folder.assetcatalog; path = Assets.xcassets; sourceTree = "<group>"; };
		3AD3AEF729931B240095CB14 /* Preview Assets.xcassets */ = {isa = PBXFileReference; lastKnownFileType = folder.assetcatalog; path = "Preview Assets.xcassets"; sourceTree = "<group>"; };
		3AD3AEFD29931B240095CB14 /* SequisTests.xctest */ = {isa = PBXFileReference; explicitFileType = wrapper.cfbundle; includeInIndex = 0; path = SequisTests.xctest; sourceTree = BUILT_PRODUCTS_DIR; };
		3AD3AF0129931B240095CB14 /* SequisTests.swift */ = {isa = PBXFileReference; lastKnownFileType = sourcecode.swift; path = SequisTests.swift; sourceTree = "<group>"; };
		3AD3AF0729931B240095CB14 /* SequisUITests.xctest */ = {isa = PBXFileReference; explicitFileType = wrapper.cfbundle; includeInIndex = 0; path = SequisUITests.xctest; sourceTree = BUILT_PRODUCTS_DIR; };
		3AD3AF0B29931B240095CB14 /* SequisUITests.swift */ = {isa = PBXFileReference; lastKnownFileType = sourcecode.swift; path = SequisUITests.swift; sourceTree = "<group>"; };
		3AD3AF0D29931B240095CB14 /* SequisUITestsLaunchTests.swift */ = {isa = PBXFileReference; lastKnownFileType = sourcecode.swift; path = SequisUITestsLaunchTests.swift; sourceTree = "<group>"; };
		3AD3AF1E29931BFA0095CB14 /* MainFeature */ = {isa = PBXFileReference; lastKnownFileType = wrapper; path = MainFeature; sourceTree = "<group>"; };
/* End PBXFileReference section */

/* Begin PBXFrameworksBuildPhase section */
		3AD3AEEA29931B220095CB14 /* Frameworks */ = {
			isa = PBXFrameworksBuildPhase;
			buildActionMask = 2147483647;
			files = (
			);
			runOnlyForDeploymentPostprocessing = 0;
		};
		3AD3AEFA29931B240095CB14 /* Frameworks */ = {
			isa = PBXFrameworksBuildPhase;
			buildActionMask = 2147483647;
			files = (
			);
			runOnlyForDeploymentPostprocessing = 0;
		};
		3AD3AF0429931B240095CB14 /* Frameworks */ = {
			isa = PBXFrameworksBuildPhase;
			buildActionMask = 2147483647;
			files = (
			);
			runOnlyForDeploymentPostprocessing = 0;
		};
/* End PBXFrameworksBuildPhase section */

/* Begin PBXGroup section */
		3AD3AEE429931B220095CB14 = {
			isa = PBXGroup;
			children = (
				3AD3AF1A29931B7F0095CB14 /* Modules */,
				3AD3AEEF29931B220095CB14 /* Sequis */,
				3AD3AF0029931B240095CB14 /* SequisTests */,
				3AD3AF0A29931B240095CB14 /* SequisUITests */,
				3AD3AEEE29931B220095CB14 /* Products */,
			);
			sourceTree = "<group>";
		};
		3AD3AEEE29931B220095CB14 /* Products */ = {
			isa = PBXGroup;
			children = (
				3AD3AEED29931B220095CB14 /* Sequis.app */,
				3AD3AEFD29931B240095CB14 /* SequisTests.xctest */,
				3AD3AF0729931B240095CB14 /* SequisUITests.xctest */,
			);
			name = Products;
			sourceTree = "<group>";
		};
		3AD3AEEF29931B220095CB14 /* Sequis */ = {
			isa = PBXGroup;
			children = (
				3AD3AEF029931B220095CB14 /* SequisApp.swift */,
				3AD3AEF229931B220095CB14 /* ContentView.swift */,
				3AD3AEF429931B240095CB14 /* Assets.xcassets */,
				3AD3AEF629931B240095CB14 /* Preview Content */,
			);
			path = Sequis;
			sourceTree = "<group>";
		};
		3AD3AEF629931B240095CB14 /* Preview Content */ = {
			isa = PBXGroup;
			children = (
				3AD3AEF729931B240095CB14 /* Preview Assets.xcassets */,
			);
			path = "Preview Content";
			sourceTree = "<group>";
		};
		3AD3AF0029931B240095CB14 /* SequisTests */ = {
			isa = PBXGroup;
			children = (
				3AD3AF0129931B240095CB14 /* SequisTests.swift */,
			);
			path = SequisTests;
			sourceTree = "<group>";
		};
		3AD3AF0A29931B240095CB14 /* SequisUITests */ = {
			isa = PBXGroup;
			children = (
				3AD3AF0B29931B240095CB14 /* SequisUITests.swift */,
				3AD3AF0D29931B240095CB14 /* SequisUITestsLaunchTests.swift */,
			);
			path = SequisUITests;
			sourceTree = "<group>";
		};
		3AD3AF1A29931B7F0095CB14 /* Modules */ = {
			isa = PBXGroup;
			children = (
				3AD3AF1C29931B960095CB14 /* Common */,
				3AD3AF1B29931B8E0095CB14 /* Features */,
			);
			path = Modules;
			sourceTree = "<group>";
		};
		3AD3AF1B29931B8E0095CB14 /* Features */ = {
			isa = PBXGroup;
			children = (
				3AD3AF1E29931BFA0095CB14 /* MainFeature */,
			);
			path = Features;
			sourceTree = "<group>";
		};
		3AD3AF1C29931B960095CB14 /* Common */ = {
			isa = PBXGroup;
			children = (
			);
			path = Common;
			sourceTree = "<group>";
		};
/* End PBXGroup section */

/* Begin PBXNativeTarget section */
		3AD3AEEC29931B220095CB14 /* Sequis */ = {
			isa = PBXNativeTarget;
			buildConfigurationList = 3AD3AF1129931B240095CB14 /* Build configuration list for PBXNativeTarget "Sequis" */;
			buildPhases = (
				3AD3AEE929931B220095CB14 /* Sources */,
				3AD3AEEA29931B220095CB14 /* Frameworks */,
				3AD3AEEB29931B220095CB14 /* Resources */,
			);
			buildRules = (
			);
			dependencies = (
			);
			name = Sequis;
			productName = Sequis;
			productReference = 3AD3AEED29931B220095CB14 /* Sequis.app */;
			productType = "com.apple.product-type.application";
		};
		3AD3AEFC29931B240095CB14 /* SequisTests */ = {
			isa = PBXNativeTarget;
			buildConfigurationList = 3AD3AF1429931B240095CB14 /* Build configuration list for PBXNativeTarget "SequisTests" */;
			buildPhases = (
				3AD3AEF929931B240095CB14 /* Sources */,
				3AD3AEFA29931B240095CB14 /* Frameworks */,
				3AD3AEFB29931B240095CB14 /* Resources */,
			);
			buildRules = (
			);
			dependencies = (
				3AD3AEFF29931B240095CB14 /* PBXTargetDependency */,
			);
			name = SequisTests;
			productName = SequisTests;
			productReference = 3AD3AEFD29931B240095CB14 /* SequisTests.xctest */;
			productType = "com.apple.product-type.bundle.unit-test";
		};
		3AD3AF0629931B240095CB14 /* SequisUITests */ = {
			isa = PBXNativeTarget;
			buildConfigurationList = 3AD3AF1729931B240095CB14 /* Build configuration list for PBXNativeTarget "SequisUITests" */;
			buildPhases = (
				3AD3AF0329931B240095CB14 /* Sources */,
				3AD3AF0429931B240095CB14 /* Frameworks */,
				3AD3AF0529931B240095CB14 /* Resources */,
			);
			buildRules = (
			);
			dependencies = (
				3AD3AF0929931B240095CB14 /* PBXTargetDependency */,
			);
			name = SequisUITests;
			productName = SequisUITests;
			productReference = 3AD3AF0729931B240095CB14 /* SequisUITests.xctest */;
			productType = "com.apple.product-type.bundle.ui-testing";
		};
/* End PBXNativeTarget section */

/* Begin PBXProject section */
		3AD3AEE529931B220095CB14 /* Project object */ = {
			isa = PBXProject;
			attributes = {
				BuildIndependentTargetsInParallel = 1;
				LastSwiftUpdateCheck = 1410;
				LastUpgradeCheck = 1410;
				TargetAttributes = {
					3AD3AEEC29931B220095CB14 = {
						CreatedOnToolsVersion = 14.1;
					};
					3AD3AEFC29931B240095CB14 = {
						CreatedOnToolsVersion = 14.1;
						TestTargetID = 3AD3AEEC29931B220095CB14;
					};
					3AD3AF0629931B240095CB14 = {
						CreatedOnToolsVersion = 14.1;
						TestTargetID = 3AD3AEEC29931B220095CB14;
					};
				};
			};
			buildConfigurationList = 3AD3AEE829931B220095CB14 /* Build configuration list for PBXProject "Sequis" */;
			compatibilityVersion = "Xcode 14.0";
			developmentRegion = en;
			hasScannedForEncodings = 0;
			knownRegions = (
				en,
				Base,
			);
			mainGroup = 3AD3AEE429931B220095CB14;
			productRefGroup = 3AD3AEEE29931B220095CB14 /* Products */;
			projectDirPath = "";
			projectRoot = "";
			targets = (
				3AD3AEEC29931B220095CB14 /* Sequis */,
				3AD3AEFC29931B240095CB14 /* SequisTests */,
				3AD3AF0629931B240095CB14 /* SequisUITests */,
			);
		};
/* End PBXProject section */

/* Begin PBXResourcesBuildPhase section */
		3AD3AEEB29931B220095CB14 /* Resources */ = {
			isa = PBXResourcesBuildPhase;
			buildActionMask = 2147483647;
			files = (
				3AD3AEF829931B240095CB14 /* Preview Assets.xcassets in Resources */,
				3AD3AEF529931B240095CB14 /* Assets.xcassets in Resources */,
			);
			runOnlyForDeploymentPostprocessing = 0;
		};
		3AD3AEFB29931B240095CB14 /* Resources */ = {
			isa = PBXResourcesBuildPhase;
			buildActionMask = 2147483647;
			files = (
			);
			runOnlyForDeploymentPostprocessing = 0;
		};
		3AD3AF0529931B240095CB14 /* Resources */ = {
			isa = PBXResourcesBuildPhase;
			buildActionMask = 2147483647;
			files = (
			);
			runOnlyForDeploymentPostprocessing = 0;
		};
/* End PBXResourcesBuildPhase section */

/* Begin PBXSourcesBuildPhase section */
		3AD3AEE929931B220095CB14 /* Sources */ = {
			isa = PBXSourcesBuildPhase;
			buildActionMask = 2147483647;
			files = (
				3AD3AEF329931B220095CB14 /* ContentView.swift in Sources */,
				3AD3AEF129931B220095CB14 /* SequisApp.swift in Sources */,
			);
			runOnlyForDeploymentPostprocessing = 0;
		};
		3AD3AEF929931B240095CB14 /* Sources */ = {
			isa = PBXSourcesBuildPhase;
			buildActionMask = 2147483647;
			files = (
				3AD3AF0229931B240095CB14 /* SequisTests.swift in Sources */,
			);
			runOnlyForDeploymentPostprocessing = 0;
		};
		3AD3AF0329931B240095CB14 /* Sources */ = {
			isa = PBXSourcesBuildPhase;
			buildActionMask = 2147483647;
			files = (
				3AD3AF0E29931B240095CB14 /* SequisUITestsLaunchTests.swift in Sources */,
				3AD3AF0C29931B240095CB14 /* SequisUITests.swift in Sources */,
			);
			runOnlyForDeploymentPostprocessing = 0;
		};
/* End PBXSourcesBuildPhase section */

/* Begin PBXTargetDependency section */
		3AD3AEFF29931B240095CB14 /* PBXTargetDependency */ = {
			isa = PBXTargetDependency;
			target = 3AD3AEEC29931B220095CB14 /* Sequis */;
			targetProxy = 3AD3AEFE29931B240095CB14 /* PBXContainerItemProxy */;
		};
		3AD3AF0929931B240095CB14 /* PBXTargetDependency */ = {
			isa = PBXTargetDependency;
			target = 3AD3AEEC29931B220095CB14 /* Sequis */;
			targetProxy = 3AD3AF0829931B240095CB14 /* PBXContainerItemProxy */;
		};
/* End PBXTargetDependency section */

/* Begin XCBuildConfiguration section */
		3AD3AF0F29931B240095CB14 /* Debug */ = {
			isa = XCBuildConfiguration;
			buildSettings = {
				ALWAYS_SEARCH_USER_PATHS = NO;
				CLANG_ANALYZER_NONNULL = YES;
				CLANG_ANALYZER_NUMBER_OBJECT_CONVERSION = YES_AGGRESSIVE;
				CLANG_CXX_LANGUAGE_STANDARD = "gnu++20";
				CLANG_ENABLE_MODULES = YES;
				CLANG_ENABLE_OBJC_ARC = YES;
				CLANG_ENABLE_OBJC_WEAK = YES;
				CLANG_WARN_BLOCK_CAPTURE_AUTORELEASING = YES;
				CLANG_WARN_BOOL_CONVERSION = YES;
				CLANG_WARN_COMMA = YES;
				CLANG_WARN_CONSTANT_CONVERSION = YES;
				CLANG_WARN_DEPRECATED_OBJC_IMPLEMENTATIONS = YES;
				CLANG_WARN_DIRECT_OBJC_ISA_USAGE = YES_ERROR;
				CLANG_WARN_DOCUMENTATION_COMMENTS = YES;
				CLANG_WARN_EMPTY_BODY = YES;
				CLANG_WARN_ENUM_CONVERSION = YES;
				CLANG_WARN_INFINITE_RECURSION = YES;
				CLANG_WARN_INT_CONVERSION = YES;
				CLANG_WARN_NON_LITERAL_NULL_CONVERSION = YES;
				CLANG_WARN_OBJC_IMPLICIT_RETAIN_SELF = YES;
				CLANG_WARN_OBJC_LITERAL_CONVERSION = YES;
				CLANG_WARN_OBJC_ROOT_CLASS = YES_ERROR;
				CLANG_WARN_QUOTED_INCLUDE_IN_FRAMEWORK_HEADER = YES;
				CLANG_WARN_RANGE_LOOP_ANALYSIS = YES;
				CLANG_WARN_STRICT_PROTOTYPES = YES;
				CLANG_WARN_SUSPICIOUS_MOVE = YES;
				CLANG_WARN_UNGUARDED_AVAILABILITY = YES_AGGRESSIVE;
				CLANG_WARN_UNREACHABLE_CODE = YES;
				CLANG_WARN__DUPLICATE_METHOD_MATCH = YES;
				COPY_PHASE_STRIP = NO;
				DEBUG_INFORMATION_FORMAT = dwarf;
				ENABLE_STRICT_OBJC_MSGSEND = YES;
				ENABLE_TESTABILITY = YES;
				GCC_C_LANGUAGE_STANDARD = gnu11;
				GCC_DYNAMIC_NO_PIC = NO;
				GCC_NO_COMMON_BLOCKS = YES;
				GCC_OPTIMIZATION_LEVEL = 0;
				GCC_PREPROCESSOR_DEFINITIONS = (
					"DEBUG=1",
					"$(inherited)",
				);
				GCC_WARN_64_TO_32_BIT_CONVERSION = YES;
				GCC_WARN_ABOUT_RETURN_TYPE = YES_ERROR;
				GCC_WARN_UNDECLARED_SELECTOR = YES;
				GCC_WARN_UNINITIALIZED_AUTOS = YES_AGGRESSIVE;
				GCC_WARN_UNUSED_FUNCTION = YES;
				GCC_WARN_UNUSED_VARIABLE = YES;
				IPHONEOS_DEPLOYMENT_TARGET = 16.1;
				MTL_ENABLE_DEBUG_INFO = INCLUDE_SOURCE;
				MTL_FAST_MATH = YES;
				ONLY_ACTIVE_ARCH = YES;
				SDKROOT = iphoneos;
				SWIFT_ACTIVE_COMPILATION_CONDITIONS = DEBUG;
				SWIFT_OPTIMIZATION_LEVEL = "-Onone";
			};
			name = Debug;
		};
		3AD3AF1029931B240095CB14 /* Release */ = {
			isa = XCBuildConfiguration;
			buildSettings = {
				ALWAYS_SEARCH_USER_PATHS = NO;
				CLANG_ANALYZER_NONNULL = YES;
				CLANG_ANALYZER_NUMBER_OBJECT_CONVERSION = YES_AGGRESSIVE;
				CLANG_CXX_LANGUAGE_STANDARD = "gnu++20";
				CLANG_ENABLE_MODULES = YES;
				CLANG_ENABLE_OBJC_ARC = YES;
				CLANG_ENABLE_OBJC_WEAK = YES;
				CLANG_WARN_BLOCK_CAPTURE_AUTORELEASING = YES;
				CLANG_WARN_BOOL_CONVERSION = YES;
				CLANG_WARN_COMMA = YES;
				CLANG_WARN_CONSTANT_CONVERSION = YES;
				CLANG_WARN_DEPRECATED_OBJC_IMPLEMENTATIONS = YES;
				CLANG_WARN_DIRECT_OBJC_ISA_USAGE = YES_ERROR;
				CLANG_WARN_DOCUMENTATION_COMMENTS = YES;
				CLANG_WARN_EMPTY_BODY = YES;
				CLANG_WARN_ENUM_CONVERSION = YES;
				CLANG_WARN_INFINITE_RECURSION = YES;
				CLANG_WARN_INT_CONVERSION = YES;
				CLANG_WARN_NON_LITERAL_NULL_CONVERSION = YES;
				CLANG_WARN_OBJC_IMPLICIT_RETAIN_SELF = YES;
				CLANG_WARN_OBJC_LITERAL_CONVERSION = YES;
				CLANG_WARN_OBJC_ROOT_CLASS = YES_ERROR;
				CLANG_WARN_QUOTED_INCLUDE_IN_FRAMEWORK_HEADER = YES;
				CLANG_WARN_RANGE_LOOP_ANALYSIS = YES;
				CLANG_WARN_STRICT_PROTOTYPES = YES;
				CLANG_WARN_SUSPICIOUS_MOVE = YES;
				CLANG_WARN_UNGUARDED_AVAILABILITY = YES_AGGRESSIVE;
				CLANG_WARN_UNREACHABLE_CODE = YES;
				CLANG_WARN__DUPLICATE_METHOD_MATCH = YES;
				COPY_PHASE_STRIP = NO;
				DEBUG_INFORMATION_FORMAT = "dwarf-with-dsym";
				ENABLE_NS_ASSERTIONS = NO;
				ENABLE_STRICT_OBJC_MSGSEND = YES;
				GCC_C_LANGUAGE_STANDARD = gnu11;
				GCC_NO_COMMON_BLOCKS = YES;
				GCC_WARN_64_TO_32_BIT_CONVERSION = YES;
				GCC_WARN_ABOUT_RETURN_TYPE = YES_ERROR;
				GCC_WARN_UNDECLARED_SELECTOR = YES;
				GCC_WARN_UNINITIALIZED_AUTOS = YES_AGGRESSIVE;
				GCC_WARN_UNUSED_FUNCTION = YES;
				GCC_WARN_UNUSED_VARIABLE = YES;
				IPHONEOS_DEPLOYMENT_TARGET = 16.1;
				MTL_ENABLE_DEBUG_INFO = NO;
				MTL_FAST_MATH = YES;
				SDKROOT = iphoneos;
				SWIFT_COMPILATION_MODE = wholemodule;
				SWIFT_OPTIMIZATION_LEVEL = "-O";
				VALIDATE_PRODUCT = YES;
			};
			name = Release;
		};
		3AD3AF1229931B240095CB14 /* Debug */ = {
			isa = XCBuildConfiguration;
			buildSettings = {
				ASSETCATALOG_COMPILER_APPICON_NAME = AppIcon;
				ASSETCATALOG_COMPILER_GLOBAL_ACCENT_COLOR_NAME = AccentColor;
				CODE_SIGN_STYLE = Automatic;
				CURRENT_PROJECT_VERSION = 1;
				DEVELOPMENT_ASSET_PATHS = "\"Sequis/Preview Content\"";
				DEVELOPMENT_TEAM = 2L44FR593F;
				ENABLE_PREVIEWS = YES;
				GENERATE_INFOPLIST_FILE = YES;
				INFOPLIST_KEY_UIApplicationSceneManifest_Generation = YES;
				INFOPLIST_KEY_UIApplicationSupportsIndirectInputEvents = YES;
				INFOPLIST_KEY_UILaunchScreen_Generation = YES;
				INFOPLIST_KEY_UISupportedInterfaceOrientations_iPad = "UIInterfaceOrientationPortrait UIInterfaceOrientationPortraitUpsideDown UIInterfaceOrientationLandscapeLeft UIInterfaceOrientationLandscapeRight";
				INFOPLIST_KEY_UISupportedInterfaceOrientations_iPhone = "UIInterfaceOrientationPortrait UIInterfaceOrientationLandscapeLeft UIInterfaceOrientationLandscapeRight";
				LD_RUNPATH_SEARCH_PATHS = (
					"$(inherited)",
					"@executable_path/Frameworks",
				);
				MARKETING_VERSION = 1.0;
				PRODUCT_BUNDLE_IDENTIFIER = app.nayanda.Sequis;
				PRODUCT_NAME = "$(TARGET_NAME)";
				SWIFT_EMIT_LOC_STRINGS = YES;
				SWIFT_VERSION = 5.0;
				TARGETED_DEVICE_FAMILY = "1,2";
			};
			name = Debug;
		};
		3AD3AF1329931B240095CB14 /* Release */ = {
			isa = XCBuildConfiguration;
			buildSettings = {
				ASSETCATALOG_COMPILER_APPICON_NAME = AppIcon;
				ASSETCATALOG_COMPILER_GLOBAL_ACCENT_COLOR_NAME = AccentColor;
				CODE_SIGN_STYLE = Automatic;
				CURRENT_PROJECT_VERSION = 1;
				DEVELOPMENT_ASSET_PATHS = "\"Sequis/Preview Content\"";
				DEVELOPMENT_TEAM = 2L44FR593F;
				ENABLE_PREVIEWS = YES;
				GENERATE_INFOPLIST_FILE = YES;
				INFOPLIST_KEY_UIApplicationSceneManifest_Generation = YES;
				INFOPLIST_KEY_UIApplicationSupportsIndirectInputEvents = YES;
				INFOPLIST_KEY_UILaunchScreen_Generation = YES;
				INFOPLIST_KEY_UISupportedInterfaceOrientations_iPad = "UIInterfaceOrientationPortrait UIInterfaceOrientationPortraitUpsideDown UIInterfaceOrientationLandscapeLeft UIInterfaceOrientationLandscapeRight";
				INFOPLIST_KEY_UISupportedInterfaceOrientations_iPhone = "UIInterfaceOrientationPortrait UIInterfaceOrientationLandscapeLeft UIInterfaceOrientationLandscapeRight";
				LD_RUNPATH_SEARCH_PATHS = (
					"$(inherited)",
					"@executable_path/Frameworks",
				);
				MARKETING_VERSION = 1.0;
				PRODUCT_BUNDLE_IDENTIFIER = app.nayanda.Sequis;
				PRODUCT_NAME = "$(TARGET_NAME)";
				SWIFT_EMIT_LOC_STRINGS = YES;
				SWIFT_VERSION = 5.0;
				TARGETED_DEVICE_FAMILY = "1,2";
			};
			name = Release;
		};
		3AD3AF1529931B240095CB14 /* Debug */ = {
			isa = XCBuildConfiguration;
			buildSettings = {
				ALWAYS_EMBED_SWIFT_STANDARD_LIBRARIES = YES;
				BUNDLE_LOADER = "$(TEST_HOST)";
				CODE_SIGN_STYLE = Automatic;
				CURRENT_PROJECT_VERSION = 1;
				DEVELOPMENT_TEAM = 2L44FR593F;
				GENERATE_INFOPLIST_FILE = YES;
				IPHONEOS_DEPLOYMENT_TARGET = 16.1;
				MARKETING_VERSION = 1.0;
				PRODUCT_BUNDLE_IDENTIFIER = app.nayanda.SequisTests;
				PRODUCT_NAME = "$(TARGET_NAME)";
				SWIFT_EMIT_LOC_STRINGS = NO;
				SWIFT_VERSION = 5.0;
				TARGETED_DEVICE_FAMILY = "1,2";
				TEST_HOST = "$(BUILT_PRODUCTS_DIR)/Sequis.app/$(BUNDLE_EXECUTABLE_FOLDER_PATH)/Sequis";
			};
			name = Debug;
		};
		3AD3AF1629931B240095CB14 /* Release */ = {
			isa = XCBuildConfiguration;
			buildSettings = {
				ALWAYS_EMBED_SWIFT_STANDARD_LIBRARIES = YES;
				BUNDLE_LOADER = "$(TEST_HOST)";
				CODE_SIGN_STYLE = Automatic;
				CURRENT_PROJECT_VERSION = 1;
				DEVELOPMENT_TEAM = 2L44FR593F;
				GENERATE_INFOPLIST_FILE = YES;
				IPHONEOS_DEPLOYMENT_TARGET = 16.1;
				MARKETING_VERSION = 1.0;
				PRODUCT_BUNDLE_IDENTIFIER = app.nayanda.SequisTests;
				PRODUCT_NAME = "$(TARGET_NAME)";
				SWIFT_EMIT_LOC_STRINGS = NO;
				SWIFT_VERSION = 5.0;
				TARGETED_DEVICE_FAMILY = "1,2";
				TEST_HOST = "$(BUILT_PRODUCTS_DIR)/Sequis.app/$(BUNDLE_EXECUTABLE_FOLDER_PATH)/Sequis";
			};
			name = Release;
		};
		3AD3AF1829931B240095CB14 /* Debug */ = {
			isa = XCBuildConfiguration;
			buildSettings = {
				ALWAYS_EMBED_SWIFT_STANDARD_LIBRARIES = YES;
				CODE_SIGN_STYLE = Automatic;
				CURRENT_PROJECT_VERSION = 1;
				DEVELOPMENT_TEAM = 2L44FR593F;
				GENERATE_INFOPLIST_FILE = YES;
				MARKETING_VERSION = 1.0;
				PRODUCT_BUNDLE_IDENTIFIER = app.nayanda.SequisUITests;
				PRODUCT_NAME = "$(TARGET_NAME)";
				SWIFT_EMIT_LOC_STRINGS = NO;
				SWIFT_VERSION = 5.0;
				TARGETED_DEVICE_FAMILY = "1,2";
				TEST_TARGET_NAME = Sequis;
			};
			name = Debug;
		};
		3AD3AF1929931B240095CB14 /* Release */ = {
			isa = XCBuildConfiguration;
			buildSettings = {
				ALWAYS_EMBED_SWIFT_STANDARD_LIBRARIES = YES;
				CODE_SIGN_STYLE = Automatic;
				CURRENT_PROJECT_VERSION = 1;
				DEVELOPMENT_TEAM = 2L44FR593F;
				GENERATE_INFOPLIST_FILE = YES;
				MARKETING_VERSION = 1.0;
				PRODUCT_BUNDLE_IDENTIFIER = app.nayanda.SequisUITests;
				PRODUCT_NAME = "$(TARGET_NAME)";
				SWIFT_EMIT_LOC_STRINGS = NO;
				SWIFT_VERSION = 5.0;
				TARGETED_DEVICE_FAMILY = "1,2";
				TEST_TARGET_NAME = Sequis;
			};
			name = Release;
		};
/* End XCBuildConfiguration section */

/* Begin XCConfigurationList section */
		3AD3AEE829931B220095CB14 /* Build configuration list for PBXProject "Sequis" */ = {
			isa = XCConfigurationList;
			buildConfigurations = (
				3AD3AF0F29931B240095CB14 /* Debug */,
				3AD3AF1029931B240095CB14 /* Release */,
			);
			defaultConfigurationIsVisible = 0;
			defaultConfigurationName = Release;
		};
		3AD3AF1129931B240095CB14 /* Build configuration list for PBXNativeTarget "Sequis" */ = {
			isa = XCConfigurationList;
			buildConfigurations = (
				3AD3AF1229931B240095CB14 /* Debug */,
				3AD3AF1329931B240095CB14 /* Release */,
			);
			defaultConfigurationIsVisible = 0;
			defaultConfigurationName = Release;
		};
		3AD3AF1429931B240095CB14 /* Build configuration list for PBXNativeTarget "SequisTests" */ = {
			isa = XCConfigurationList;
			buildConfigurations = (
				3AD3AF1529931B240095CB14 /* Debug */,
				3AD3AF1629931B240095CB14 /* Release */,
			);
			defaultConfigurationIsVisible = 0;
			defaultConfigurationName = Release;
		};
		3AD3AF1729931B240095CB14 /* Build configuration list for PBXNativeTarget "SequisUITests" */ = {
			isa = XCConfigurationList;
			buildConfigurations = (
				3AD3AF1829931B240095CB14 /* Debug */,
				3AD3AF1929931B240095CB14 /* Release */,
			);
			defaultConfigurationIsVisible = 0;
			defaultConfigurationName = Release;
		};
/* End XCConfigurationList section */
	};
	rootObject = 3AD3AEE529931B220095CB14 /* Project object */;
}
